
Microsoft Visual Studio Solution File, Format Version 12.00
# Visual Studio Version 16
VisualStudioVersion = 16.0.30413.136
MinimumVisualStudioVersion = 10.0.40219.1
Project("{2150E333-8FDC-42A3-9474-1A3956D46DE8}") = "Solution Items", "Solution Items", "{83D7A7FD-FAE4-46A4-8AF2-EC0F946BA8DD}"
	ProjectSection(SolutionItems) = preProject
		README.md = README.md
	EndProjectSection
EndProject
Project("{2150E333-8FDC-42A3-9474-1A3956D46DE8}") = "src", "src", "{23BC59CC-29C6-444B-9929-922F2A7E81C3}"
EndProject
Project("{2150E333-8FDC-42A3-9474-1A3956D46DE8}") = "test", "test", "{EBBDAD9D-BE5D-44DE-9AB6-D1ABA042DB99}"
EndProject
Project("{9A19103F-16F7-4668-BE54-9A1E7A4F7556}") = "EDMinorFactionSupport", "src\EDMinorFactionSupport\EDMinorFactionSupport.csproj", "{18549D94-1F7D-4E43-B302-6E5AEFF58003}"
EndProject
Project("{9A19103F-16F7-4668-BE54-9A1E7A4F7556}") = "EDMinorFactionSupportTest", "test\EDMinorFactionSupportTest\EDMinorFactionSupportTest.csproj", "{0C9C3F36-3921-47E3-8D27-33364AEC4303}"
EndProject
Project("{FAE04EC0-301F-11D3-BF4B-00C04F79EFBC}") = "edmfs", "src\edmfs\edmfs.csproj", "{0DAFB316-7790-446E-8187-3C3EC2E6B5D1}"
EndProject
Global
	GlobalSection(SolutionConfigurationPlatforms) = preSolution
		Debug|Any CPU = Debug|Any CPU
		Release|Any CPU = Release|Any CPU
	EndGlobalSection
	GlobalSection(ProjectConfigurationPlatforms) = postSolution
		{18549D94-1F7D-4E43-B302-6E5AEFF58003}.Debug|Any CPU.ActiveCfg = Debug|Any CPU
		{18549D94-1F7D-4E43-B302-6E5AEFF58003}.Debug|Any CPU.Build.0 = Debug|Any CPU
		{18549D94-1F7D-4E43-B302-6E5AEFF58003}.Release|Any CPU.ActiveCfg = Release|Any CPU
		{18549D94-1F7D-4E43-B302-6E5AEFF58003}.Release|Any CPU.Build.0 = Release|Any CPU
		{0C9C3F36-3921-47E3-8D27-33364AEC4303}.Debug|Any CPU.ActiveCfg = Debug|Any CPU
		{0C9C3F36-3921-47E3-8D27-33364AEC4303}.Debug|Any CPU.Build.0 = Debug|Any CPU
		{0C9C3F36-3921-47E3-8D27-33364AEC4303}.Release|Any CPU.ActiveCfg = Release|Any CPU
		{0C9C3F36-3921-47E3-8D27-33364AEC4303}.Release|Any CPU.Build.0 = Release|Any CPU
		{0DAFB316-7790-446E-8187-3C3EC2E6B5D1}.Debug|Any CPU.ActiveCfg = Debug|Any CPU
		{0DAFB316-7790-446E-8187-3C3EC2E6B5D1}.Debug|Any CPU.Build.0 = Debug|Any CPU
		{0DAFB316-7790-446E-8187-3C3EC2E6B5D1}.Release|Any CPU.ActiveCfg = Release|Any CPU
		{0DAFB316-7790-446E-8187-3C3EC2E6B5D1}.Release|Any CPU.Build.0 = Release|Any CPU
	EndGlobalSection
	GlobalSection(SolutionProperties) = preSolution
		HideSolutionNode = FALSE
	EndGlobalSection
	GlobalSection(NestedProjects) = preSolution
		{23BC59CC-29C6-444B-9929-922F2A7E81C3} = {83D7A7FD-FAE4-46A4-8AF2-EC0F946BA8DD}
		{EBBDAD9D-BE5D-44DE-9AB6-D1ABA042DB99} = {83D7A7FD-FAE4-46A4-8AF2-EC0F946BA8DD}
		{18549D94-1F7D-4E43-B302-6E5AEFF58003} = {23BC59CC-29C6-444B-9929-922F2A7E81C3}
		{0C9C3F36-3921-47E3-8D27-33364AEC4303} = {EBBDAD9D-BE5D-44DE-9AB6-D1ABA042DB99}
		{0DAFB316-7790-446E-8187-3C3EC2E6B5D1} = {23BC59CC-29C6-444B-9929-922F2A7E81C3}
	EndGlobalSection
	GlobalSection(ExtensibilityGlobals) = postSolution
		SolutionGuid = {EDFC803B-9A65-4518-800A-A18045F498D7}
	EndGlobalSection
EndGlobal
